// !$*UTF8*$!
{
	archiveVersion = 1;
	classes = {
	};
	objectVersion = 48;
	objects = {

/* Begin PBXBuildFile section */
		7BEF2487209B5562006C8BBF /* AppDelegate.swift in Sources */ = {isa = PBXBuildFile; fileRef = 7BEF2486209B5562006C8BBF /* AppDelegate.swift */; };
		7BEF2489209B5562006C8BBF /* ViewController.swift in Sources */ = {isa = PBXBuildFile; fileRef = 7BEF2488209B5562006C8BBF /* ViewController.swift */; };
		7BEF248C209B5562006C8BBF /* Main.storyboard in Resources */ = {isa = PBXBuildFile; fileRef = 7BEF248A209B5562006C8BBF /* Main.storyboard */; };
		7BEF248E209B5562006C8BBF /* Assets.xcassets in Resources */ = {isa = PBXBuildFile; fileRef = 7BEF248D209B5562006C8BBF /* Assets.xcassets */; };
		7BEF2491209B5562006C8BBF /* LaunchScreen.storyboard in Resources */ = {isa = PBXBuildFile; fileRef = 7BEF248F209B5562006C8BBF /* LaunchScreen.storyboard */; };
		7BEF249C209B5562006C8BBF /* Zar_Uygulamas_Tests.swift in Sources */ = {isa = PBXBuildFile; fileRef = 7BEF249B209B5562006C8BBF /* Zar_Uygulamas_Tests.swift */; };
		7BEF24A7209B5562006C8BBF /* Zar_Uygulamas_UITests.swift in Sources */ = {isa = PBXBuildFile; fileRef = 7BEF24A6209B5562006C8BBF /* Zar_Uygulamas_UITests.swift */; };
/* End PBXBuildFile section */

/* Begin PBXContainerItemProxy section */
		7BEF2498209B5562006C8BBF /* PBXContainerItemProxy */ = {
			isa = PBXContainerItemProxy;
			containerPortal = 7BEF247B209B5561006C8BBF /* Project object */;
			proxyType = 1;
			remoteGlobalIDString = 7BEF2482209B5561006C8BBF;
			remoteInfo = "Zar Uygulaması";
		};
		7BEF24A3209B5562006C8BBF /* PBXContainerItemProxy */ = {
			isa = PBXContainerItemProxy;
			containerPortal = 7BEF247B209B5561006C8BBF /* Project object */;
			proxyType = 1;
			remoteGlobalIDString = 7BEF2482209B5561006C8BBF;
			remoteInfo = "Zar Uygulaması";
		};
/* End PBXContainerItemProxy section */

/* Begin PBXFileReference section */
		7BEF2483209B5562006C8BBF /* Zar Uygulaması.app */ = {isa = PBXFileReference; explicitFileType = wrapper.application; includeInIndex = 0; path = "Zar Uygulaması.app"; sourceTree = BUILT_PRODUCTS_DIR; };
		7BEF2486209B5562006C8BBF /* AppDelegate.swift */ = {isa = PBXFileReference; lastKnownFileType = sourcecode.swift; path = AppDelegate.swift; sourceTree = "<group>"; };
		7BEF2488209B5562006C8BBF /* ViewController.swift */ = {isa = PBXFileReference; lastKnownFileType = sourcecode.swift; path = ViewController.swift; sourceTree = "<group>"; };
		7BEF248B209B5562006C8BBF /* Base */ = {isa = PBXFileReference; lastKnownFileType = file.storyboard; name = Base; path = Base.lproj/Main.storyboard; sourceTree = "<group>"; };
		7BEF248D209B5562006C8BBF /* Assets.xcassets */ = {isa = PBXFileReference; lastKnownFileType = folder.assetcatalog; path = Assets.xcassets; sourceTree = "<group>"; };
		7BEF2490209B5562006C8BBF /* Base */ = {isa = PBXFileReference; lastKnownFileType = file.storyboard; name = Base; path = Base.lproj/LaunchScreen.storyboard; sourceTree = "<group>"; };
		7BEF2492209B5562006C8BBF /* Info.plist */ = {isa = PBXFileReference; lastKnownFileType = text.plist.xml; path = Info.plist; sourceTree = "<group>"; };
		7BEF2497209B5562006C8BBF /* Zar UygulamasıTests.xctest */ = {isa = PBXFileReference; explicitFileType = wrapper.cfbundle; includeInIndex = 0; path = "Zar UygulamasıTests.xctest"; sourceTree = BUILT_PRODUCTS_DIR; };
		7BEF249B209B5562006C8BBF /* Zar_Uygulamas_Tests.swift */ = {isa = PBXFileReference; lastKnownFileType = sourcecode.swift; path = Zar_Uygulamas_Tests.swift; sourceTree = "<group>"; };
		7BEF249D209B5562006C8BBF /* Info.plist */ = {isa = PBXFileReference; lastKnownFileType = text.plist.xml; path = Info.plist; sourceTree = "<group>"; };
		7BEF24A2209B5562006C8BBF /* Zar UygulamasıUITests.xctest */ = {isa = PBXFileReference; explicitFileType = wrapper.cfbundle; includeInIndex = 0; path = "Zar UygulamasıUITests.xctest"; sourceTree = BUILT_PRODUCTS_DIR; };
		7BEF24A6209B5562006C8BBF /* Zar_Uygulamas_UITests.swift */ = {isa = PBXFileReference; lastKnownFileType = sourcecode.swift; path = Zar_Uygulamas_UITests.swift; sourceTree = "<group>"; };
		7BEF24A8209B5562006C8BBF /* Info.plist */ = {isa = PBXFileReference; lastKnownFileType = text.plist.xml; path = Info.plist; sourceTree = "<group>"; };
/* End PBXFileReference section */

/* Begin PBXFrameworksBuildPhase section */
		7BEF2480209B5561006C8BBF /* Frameworks */ = {
			isa = PBXFrameworksBuildPhase;
			buildActionMask = 2147483647;
			files = (
			);
			runOnlyForDeploymentPostprocessing = 0;
		};
		7BEF2494209B5562006C8BBF /* Frameworks */ = {
			isa = PBXFrameworksBuildPhase;
			buildActionMask = 2147483647;
			files = (
			);
			runOnlyForDeploymentPostprocessing = 0;
		};
		7BEF249F209B5562006C8BBF /* Frameworks */ = {
			isa = PBXFrameworksBuildPhase;
			buildActionMask = 2147483647;
			files = (
			);
			runOnlyForDeploymentPostprocessing = 0;
		};
/* End PBXFrameworksBuildPhase section */

/* Begin PBXGroup section */
		7BEF247A209B5561006C8BBF = {
			isa = PBXGroup;
			children = (
				7BEF2485209B5562006C8BBF /* Zar Uygulaması */,
				7BEF249A209B5562006C8BBF /* Zar UygulamasıTests */,
				7BEF24A5209B5562006C8BBF /* Zar UygulamasıUITests */,
				7BEF2484209B5562006C8BBF /* Products */,
			);
			sourceTree = "<group>";
		};
		7BEF2484209B5562006C8BBF /* Products */ = {
			isa = PBXGroup;
			children = (
				7BEF2483209B5562006C8BBF /* Zar Uygulaması.app */,
				7BEF2497209B5562006C8BBF /* Zar UygulamasıTests.xctest */,
				7BEF24A2209B5562006C8BBF /* Zar UygulamasıUITests.xctest */,
			);
			name = Products;
			sourceTree = "<group>";
		};
		7BEF2485209B5562006C8BBF /* Zar Uygulaması */ = {
			isa = PBXGroup;
			children = (
				7BEF2486209B5562006C8BBF /* AppDelegate.swift */,
				7BEF2488209B5562006C8BBF /* ViewController.swift */,
				7BEF248A209B5562006C8BBF /* Main.storyboard */,
				7BEF248D209B5562006C8BBF /* Assets.xcassets */,
				7BEF248F209B5562006C8BBF /* LaunchScreen.storyboard */,
				7BEF2492209B5562006C8BBF /* Info.plist */,
			);
			path = "Zar Uygulaması";
			sourceTree = "<group>";
		};
		7BEF249A209B5562006C8BBF /* Zar UygulamasıTests */ = {
			isa = PBXGroup;
			children = (
				7BEF249B209B5562006C8BBF /* Zar_Uygulamas_Tests.swift */,
				7BEF249D209B5562006C8BBF /* Info.plist */,
			);
			path = "Zar UygulamasıTests";
			sourceTree = "<group>";
		};
		7BEF24A5209B5562006C8BBF /* Zar UygulamasıUITests */ = {
			isa = PBXGroup;
			children = (
				7BEF24A6209B5562006C8BBF /* Zar_Uygulamas_UITests.swift */,
				7BEF24A8209B5562006C8BBF /* Info.plist */,
			);
			path = "Zar UygulamasıUITests";
			sourceTree = "<group>";
		};
/* End PBXGroup section */

/* Begin PBXNativeTarget section */
		7BEF2482209B5561006C8BBF /* Zar Uygulaması */ = {
			isa = PBXNativeTarget;
			buildConfigurationList = 7BEF24AB209B5562006C8BBF /* Build configuration list for PBXNativeTarget "Zar Uygulaması" */;
			buildPhases = (
				7BEF247F209B5561006C8BBF /* Sources */,
				7BEF2480209B5561006C8BBF /* Frameworks */,
				7BEF2481209B5561006C8BBF /* Resources */,
			);
			buildRules = (
			);
			dependencies = (
			);
			name = "Zar Uygulaması";
			productName = "Zar Uygulaması";
			productReference = 7BEF2483209B5562006C8BBF /* Zar Uygulaması.app */;
			productType = "com.apple.product-type.application";
		};
		7BEF2496209B5562006C8BBF /* Zar UygulamasıTests */ = {
			isa = PBXNativeTarget;
			buildConfigurationList = 7BEF24AE209B5562006C8BBF /* Build configuration list for PBXNativeTarget "Zar UygulamasıTests" */;
			buildPhases = (
				7BEF2493209B5562006C8BBF /* Sources */,
				7BEF2494209B5562006C8BBF /* Frameworks */,
				7BEF2495209B5562006C8BBF /* Resources */,
			);
			buildRules = (
			);
			dependencies = (
				7BEF2499209B5562006C8BBF /* PBXTargetDependency */,
			);
			name = "Zar UygulamasıTests";
			productName = "Zar UygulamasıTests";
			productReference = 7BEF2497209B5562006C8BBF /* Zar UygulamasıTests.xctest */;
			productType = "com.apple.product-type.bundle.unit-test";
		};
		7BEF24A1209B5562006C8BBF /* Zar UygulamasıUITests */ = {
			isa = PBXNativeTarget;
			buildConfigurationList = 7BEF24B1209B5562006C8BBF /* Build configuration list for PBXNativeTarget "Zar UygulamasıUITests" */;
			buildPhases = (
				7BEF249E209B5562006C8BBF /* Sources */,
				7BEF249F209B5562006C8BBF /* Frameworks */,
				7BEF24A0209B5562006C8BBF /* Resources */,
			);
			buildRules = (
			);
			dependencies = (
				7BEF24A4209B5562006C8BBF /* PBXTargetDependency */,
			);
			name = "Zar UygulamasıUITests";
			productName = "Zar UygulamasıUITests";
			productReference = 7BEF24A2209B5562006C8BBF /* Zar UygulamasıUITests.xctest */;
			productType = "com.apple.product-type.bundle.ui-testing";
		};
/* End PBXNativeTarget section */

/* Begin PBXProject section */
		7BEF247B209B5561006C8BBF /* Project object */ = {
			isa = PBXProject;
			attributes = {
				LastSwiftUpdateCheck = 0910;
				LastUpgradeCheck = 0910;
				ORGANIZATIONNAME = LeakCorp;
				TargetAttributes = {
					7BEF2482209B5561006C8BBF = {
						CreatedOnToolsVersion = 9.1;
						ProvisioningStyle = Automatic;
					};
					7BEF2496209B5562006C8BBF = {
						CreatedOnToolsVersion = 9.1;
						ProvisioningStyle = Automatic;
						TestTargetID = 7BEF2482209B5561006C8BBF;
					};
					7BEF24A1209B5562006C8BBF = {
						CreatedOnToolsVersion = 9.1;
						ProvisioningStyle = Automatic;
						TestTargetID = 7BEF2482209B5561006C8BBF;
					};
				};
			};
			buildConfigurationList = 7BEF247E209B5561006C8BBF /* Build configuration list for PBXProject "Zar Uygulaması" */;
			compatibilityVersion = "Xcode 8.0";
			developmentRegion = en;
			hasScannedForEncodings = 0;
			knownRegions = (
				en,
				Base,
			);
			mainGroup = 7BEF247A209B5561006C8BBF;
			productRefGroup = 7BEF2484209B5562006C8BBF /* Products */;
			projectDirPath = "";
			projectRoot = "";
			targets = (
				7BEF2482209B5561006C8BBF /* Zar Uygulaması */,
				7BEF2496209B5562006C8BBF /* Zar UygulamasıTests */,
				7BEF24A1209B5562006C8BBF /* Zar UygulamasıUITests */,
			);
		};
/* End PBXProject section */

/* Begin PBXResourcesBuildPhase section */
		7BEF2481209B5561006C8BBF /* Resources */ = {
			isa = PBXResourcesBuildPhase;
			buildActionMask = 2147483647;
			files = (
				7BEF2491209B5562006C8BBF /* LaunchScreen.storyboard in Resources */,
				7BEF248E209B5562006C8BBF /* Assets.xcassets in Resources */,
				7BEF248C209B5562006C8BBF /* Main.storyboard in Resources */,
			);
			runOnlyForDeploymentPostprocessing = 0;
		};
		7BEF2495209B5562006C8BBF /* Resources */ = {
			isa = PBXResourcesBuildPhase;
			buildActionMask = 2147483647;
			files = (
			);
			runOnlyForDeploymentPostprocessing = 0;
		};
		7BEF24A0209B5562006C8BBF /* Resources */ = {
			isa = PBXResourcesBuildPhase;
			buildActionMask = 2147483647;
			files = (
			);
			runOnlyForDeploymentPostprocessing = 0;
		};
/* End PBXResourcesBuildPhase section */

/* Begin PBXSourcesBuildPhase section */
		7BEF247F209B5561006C8BBF /* Sources */ = {
			isa = PBXSourcesBuildPhase;
			buildActionMask = 2147483647;
			files = (
				7BEF2489209B5562006C8BBF /* ViewController.swift in Sources */,
				7BEF2487209B5562006C8BBF /* AppDelegate.swift in Sources */,
			);
			runOnlyForDeploymentPostprocessing = 0;
		};
		7BEF2493209B5562006C8BBF /* Sources */ = {
			isa = PBXSourcesBuildPhase;
			buildActionMask = 2147483647;
			files = (
				7BEF249C209B5562006C8BBF /* Zar_Uygulamas_Tests.swift in Sources */,
			);
			runOnlyForDeploymentPostprocessing = 0;
		};
		7BEF249E209B5562006C8BBF /* Sources */ = {
			isa = PBXSourcesBuildPhase;
			buildActionMask = 2147483647;
			files = (
				7BEF24A7209B5562006C8BBF /* Zar_Uygulamas_UITests.swift in Sources */,
			);
			runOnlyForDeploymentPostprocessing = 0;
		};
/* End PBXSourcesBuildPhase section */

/* Begin PBXTargetDependency section */
		7BEF2499209B5562006C8BBF /* PBXTargetDependency */ = {
			isa = PBXTargetDependency;
			target = 7BEF2482209B5561006C8BBF /* Zar Uygulaması */;
			targetProxy = 7BEF2498209B5562006C8BBF /* PBXContainerItemProxy */;
		};
		7BEF24A4209B5562006C8BBF /* PBXTargetDependency */ = {
			isa = PBXTargetDependency;
			target = 7BEF2482209B5561006C8BBF /* Zar Uygulaması */;
			targetProxy = 7BEF24A3209B5562006C8BBF /* PBXContainerItemProxy */;
		};
/* End PBXTargetDependency section */

/* Begin PBXVariantGroup section */
		7BEF248A209B5562006C8BBF /* Main.storyboard */ = {
			isa = PBXVariantGroup;
			children = (
				7BEF248B209B5562006C8BBF /* Base */,
			);
			name = Main.storyboard;
			sourceTree = "<group>";
		};
		7BEF248F209B5562006C8BBF /* LaunchScreen.storyboard */ = {
			isa = PBXVariantGroup;
			children = (
				7BEF2490209B5562006C8BBF /* Base */,
			);
			name = LaunchScreen.storyboard;
			sourceTree = "<group>";
		};
/* End PBXVariantGroup section */

/* Begin XCBuildConfiguration section */
		7BEF24A9209B5562006C8BBF /* Debug */ = {
			isa = XCBuildConfiguration;
			buildSettings = {
				ALWAYS_SEARCH_USER_PATHS = NO;
				CLANG_ANALYZER_NONNULL = YES;
				CLANG_ANALYZER_NUMBER_OBJECT_CONVERSION = YES_AGGRESSIVE;
				CLANG_CXX_LANGUAGE_STANDARD = "gnu++14";
				CLANG_CXX_LIBRARY = "libc++";
				CLANG_ENABLE_MODULES = YES;
				CLANG_ENABLE_OBJC_ARC = YES;
				CLANG_WARN_BLOCK_CAPTURE_AUTORELEASING = YES;
				CLANG_WARN_BOOL_CONVERSION = YES;
				CLANG_WARN_COMMA = YES;
				CLANG_WARN_CONSTANT_CONVERSION = YES;
				CLANG_WARN_DIRECT_OBJC_ISA_USAGE = YES_ERROR;
				CLANG_WARN_DOCUMENTATION_COMMENTS = YES;
				CLANG_WARN_EMPTY_BODY = YES;
				CLANG_WARN_ENUM_CONVERSION = YES;
				CLANG_WARN_INFINITE_RECURSION = YES;
				CLANG_WARN_INT_CONVERSION = YES;
				CLANG_WARN_NON_LITERAL_NULL_CONVERSION = YES;
				CLANG_WARN_OBJC_LITERAL_CONVERSION = YES;
				CLANG_WARN_OBJC_ROOT_CLASS = YES_ERROR;
				CLANG_WARN_RANGE_LOOP_ANALYSIS = YES;
				CLANG_WARN_STRICT_PROTOTYPES = YES;
				CLANG_WARN_SUSPICIOUS_MOVE = YES;
				CLANG_WARN_UNGUARDED_AVAILABILITY = YES_AGGRESSIVE;
				CLANG_WARN_UNREACHABLE_CODE = YES;
				CLANG_WARN__DUPLICATE_METHOD_MATCH = YES;
				CODE_SIGN_IDENTITY = "iPhone Developer";
				COPY_PHASE_STRIP = NO;
				DEBUG_INFORMATION_FORMAT = dwarf;
				ENABLE_STRICT_OBJC_MSGSEND = YES;
				ENABLE_TESTABILITY = YES;
				GCC_C_LANGUAGE_STANDARD = gnu11;
				GCC_DYNAMIC_NO_PIC = NO;
				GCC_NO_COMMON_BLOCKS = YES;
				GCC_OPTIMIZATION_LEVEL = 0;
				GCC_PREPROCESSOR_DEFINITIONS = (
					"DEBUG=1",
					"$(inherited)",
				);
				GCC_WARN_64_TO_32_BIT_CONVERSION = YES;
				GCC_WARN_ABOUT_RETURN_TYPE = YES_ERROR;
				GCC_WARN_UNDECLARED_SELECTOR = YES;
				GCC_WARN_UNINITIALIZED_AUTOS = YES_AGGRESSIVE;
				GCC_WARN_UNUSED_FUNCTION = YES;
				GCC_WARN_UNUSED_VARIABLE = YES;
				IPHONEOS_DEPLOYMENT_TARGET = 11.1;
				MTL_ENABLE_DEBUG_INFO = YES;
				ONLY_ACTIVE_ARCH = YES;
				SDKROOT = iphoneos;
				SWIFT_ACTIVE_COMPILATION_CONDITIONS = DEBUG;
				SWIFT_OPTIMIZATION_LEVEL = "-Onone";
			};
			name = Debug;
		};
		7BEF24AA209B5562006C8BBF /* Release */ = {
			isa = XCBuildConfiguration;
			buildSettings = {
				ALWAYS_SEARCH_USER_PATHS = NO;
				CLANG_ANALYZER_NONNULL = YES;
				CLANG_ANALYZER_NUMBER_OBJECT_CONVERSION = YES_AGGRESSIVE;
				CLANG_CXX_LANGUAGE_STANDARD = "gnu++14";
				CLANG_CXX_LIBRARY = "libc++";
				CLANG_ENABLE_MODULES = YES;
				CLANG_ENABLE_OBJC_ARC = YES;
				CLANG_WARN_BLOCK_CAPTURE_AUTORELEASING = YES;
				CLANG_WARN_BOOL_CONVERSION = YES;
				CLANG_WARN_COMMA = YES;
				CLANG_WARN_CONSTANT_CONVERSION = YES;
				CLANG_WARN_DIRECT_OBJC_ISA_USAGE = YES_ERROR;
				CLANG_WARN_DOCUMENTATION_COMMENTS = YES;
				CLANG_WARN_EMPTY_BODY = YES;
				CLANG_WARN_ENUM_CONVERSION = YES;
				CLANG_WARN_INFINITE_RECURSION = YES;
				CLANG_WARN_INT_CONVERSION = YES;
				CLANG_WARN_NON_LITERAL_NULL_CONVERSION = YES;
				CLANG_WARN_OBJC_LITERAL_CONVERSION = YES;
				CLANG_WARN_OBJC_ROOT_CLASS = YES_ERROR;
				CLANG_WARN_RANGE_LOOP_ANALYSIS = YES;
				CLANG_WARN_STRICT_PROTOTYPES = YES;
				CLANG_WARN_SUSPICIOUS_MOVE = YES;
				CLANG_WARN_UNGUARDED_AVAILABILITY = YES_AGGRESSIVE;
				CLANG_WARN_UNREACHABLE_CODE = YES;
				CLANG_WARN__DUPLICATE_METHOD_MATCH = YES;
				CODE_SIGN_IDENTITY = "iPhone Developer";
				COPY_PHASE_STRIP = NO;
				DEBUG_INFORMATION_FORMAT = "dwarf-with-dsym";
				ENABLE_NS_ASSERTIONS = NO;
				ENABLE_STRICT_OBJC_MSGSEND = YES;
				GCC_C_LANGUAGE_STANDARD = gnu11;
				GCC_NO_COMMON_BLOCKS = YES;
				GCC_WARN_64_TO_32_BIT_CONVERSION = YES;
				GCC_WARN_ABOUT_RETURN_TYPE = YES_ERROR;
				GCC_WARN_UNDECLARED_SELECTOR = YES;
				GCC_WARN_UNINITIALIZED_AUTOS = YES_AGGRESSIVE;
				GCC_WARN_UNUSED_FUNCTION = YES;
				GCC_WARN_UNUSED_VARIABLE = YES;
				IPHONEOS_DEPLOYMENT_TARGET = 11.1;
				MTL_ENABLE_DEBUG_INFO = NO;
				SDKROOT = iphoneos;
				SWIFT_OPTIMIZATION_LEVEL = "-Owholemodule";
				VALIDATE_PRODUCT = YES;
			};
			name = Release;
		};
		7BEF24AC209B5562006C8BBF /* Debug */ = {
			isa = XCBuildConfiguration;
			buildSettings = {
				ASSETCATALOG_COMPILER_APPICON_NAME = AppIcon;
				CODE_SIGN_STYLE = Automatic;
				INFOPLIST_FILE = "Zar Uygulaması/Info.plist";
				IPHONEOS_DEPLOYMENT_TARGET = 9.0;
				LD_RUNPATH_SEARCH_PATHS = "$(inherited) @executable_path/Frameworks";
				PRODUCT_BUNDLE_IDENTIFIER = "leakcorp.Zar-Uygulamas-";
				PRODUCT_NAME = "$(TARGET_NAME)";
				SWIFT_VERSION = 4.0;
				TARGETED_DEVICE_FAMILY = 1;
			};
			name = Debug;
		};
		7BEF24AD209B5562006C8BBF /* Release */ = {
			isa = XCBuildConfiguration;
			buildSettings = {
				ASSETCATALOG_COMPILER_APPICON_NAME = AppIcon;
				CODE_SIGN_STYLE = Automatic;
				INFOPLIST_FILE = "Zar Uygulaması/Info.plist";
				IPHONEOS_DEPLOYMENT_TARGET = 9.0;
				LD_RUNPATH_SEARCH_PATHS = "$(inherited) @executable_path/Frameworks";
				PRODUCT_BUNDLE_IDENTIFIER = "leakcorp.Zar-Uygulamas-";
				PRODUCT_NAME = "$(TARGET_NAME)";
				SWIFT_VERSION = 4.0;
				TARGETED_DEVICE_FAMILY = 1;
			};
			name = Release;
		};
		7BEF24AF209B5562006C8BBF /* Debug */ = {
			isa = XCBuildConfiguration;
			buildSettings = {
				ALWAYS_EMBED_SWIFT_STANDARD_LIBRARIES = YES;
				BUNDLE_LOADER = "$(TEST_HOST)";
				CODE_SIGN_STYLE = Automatic;
				INFOPLIST_FILE = "Zar UygulamasıTests/Info.plist";
				LD_RUNPATH_SEARCH_PATHS = "$(inherited) @executable_path/Frameworks @loader_path/Frameworks";
				PRODUCT_BUNDLE_IDENTIFIER = "leakcorp.Zar-Uygulamas-Tests";
				PRODUCT_NAME = "$(TARGET_NAME)";
				SWIFT_VERSION = 4.0;
				TARGETED_DEVICE_FAMILY = "1,2";
				TEST_HOST = "$(BUILT_PRODUCTS_DIR)/Zar Uygulaması.app/Zar Uygulaması";
			};
			name = Debug;
		};
		7BEF24B0209B5562006C8BBF /* Release */ = {
			isa = XCBuildConfiguration;
			buildSettings = {
				ALWAYS_EMBED_SWIFT_STANDARD_LIBRARIES = YES;
				BUNDLE_LOADER = "$(TEST_HOST)";
				CODE_SIGN_STYLE = Automatic;
				INFOPLIST_FILE = "Zar UygulamasıTests/Info.plist";
				LD_RUNPATH_SEARCH_PATHS = "$(inherited) @executable_path/Frameworks @loader_path/Frameworks";
				PRODUCT_BUNDLE_IDENTIFIER = "leakcorp.Zar-Uygulamas-Tests";
				PRODUCT_NAME = "$(TARGET_NAME)";
				SWIFT_VERSION = 4.0;
				TARGETED_DEVICE_FAMILY = "1,2";
				TEST_HOST = "$(BUILT_PRODUCTS_DIR)/Zar Uygulaması.app/Zar Uygulaması";
			};
			name = Release;
		};
		7BEF24B2209B5562006C8BBF /* Debug */ = {
			isa = XCBuildConfiguration;
			buildSettings = {
				ALWAYS_EMBED_SWIFT_STANDARD_LIBRARIES = YES;
				CODE_SIGN_STYLE = Automatic;
				INFOPLIST_FILE = "Zar UygulamasıUITests/Info.plist";
				LD_RUNPATH_SEARCH_PATHS = "$(inherited) @executable_path/Frameworks @loader_path/Frameworks";
				PRODUCT_BUNDLE_IDENTIFIER = "leakcorp.Zar-Uygulamas-UITests";
				PRODUCT_NAME = "$(TARGET_NAME)";
				SWIFT_VERSION = 4.0;
				TARGETED_DEVICE_FAMILY = "1,2";
				TEST_TARGET_NAME = "Zar Uygulaması";
			};
			name = Debug;
		};
		7BEF24B3209B5562006C8BBF /* Release */ = {
			isa = XCBuildConfiguration;
			buildSettings = {
				ALWAYS_EMBED_SWIFT_STANDARD_LIBRARIES = YES;
				CODE_SIGN_STYLE = Automatic;
				INFOPLIST_FILE = "Zar UygulamasıUITests/Info.plist";
				LD_RUNPATH_SEARCH_PATHS = "$(inherited) @executable_path/Frameworks @loader_path/Frameworks";
				PRODUCT_BUNDLE_IDENTIFIER = "leakcorp.Zar-Uygulamas-UITests";
				PRODUCT_NAME = "$(TARGET_NAME)";
				SWIFT_VERSION = 4.0;
				TARGETED_DEVICE_FAMILY = "1,2";
				TEST_TARGET_NAME = "Zar Uygulaması";
			};
			name = Release;
		};
/* End XCBuildConfiguration section */

/* Begin XCConfigurationList section */
		7BEF247E209B5561006C8BBF /* Build configuration list for PBXProject "Zar Uygulaması" */ = {
			isa = XCConfigurationList;
			buildConfigurations = (
				7BEF24A9209B5562006C8BBF /* Debug */,
				7BEF24AA209B5562006C8BBF /* Release */,
			);
			defaultConfigurationIsVisible = 0;
			defaultConfigurationName = Release;
		};
		7BEF24AB209B5562006C8BBF /* Build configuration list for PBXNativeTarget "Zar Uygulaması" */ = {
			isa = XCConfigurationList;
			buildConfigurations = (
				7BEF24AC209B5562006C8BBF /* Debug */,
				7BEF24AD209B5562006C8BBF /* Release */,
			);
			defaultConfigurationIsVisible = 0;
			defaultConfigurationName = Release;
		};
		7BEF24AE209B5562006C8BBF /* Build configuration list for PBXNativeTarget "Zar UygulamasıTests" */ = {
			isa = XCConfigurationList;
			buildConfigurations = (
				7BEF24AF209B5562006C8BBF /* Debug */,
				7BEF24B0209B5562006C8BBF /* Release */,
			);
			defaultConfigurationIsVisible = 0;
			defaultConfigurationName = Release;
		};
		7BEF24B1209B5562006C8BBF /* Build configuration list for PBXNativeTarget "Zar UygulamasıUITests" */ = {
			isa = XCConfigurationList;
			buildConfigurations = (
				7BEF24B2209B5562006C8BBF /* Debug */,
				7BEF24B3209B5562006C8BBF /* Release */,
			);
			defaultConfigurationIsVisible = 0;
			defaultConfigurationName = Release;
		};
/* End XCConfigurationList section */
	};
	rootObject = 7BEF247B209B5561006C8BBF /* Project object */;
}
